
Microsoft Visual Studio Solution File, Format Version 12.00
# Visual Studio 15
Project("{FAE04EC0-301F-11D3-BF4B-00C04F79EFBC}") = "WorkerFolderService", "WorkerFolderService\WorkerFolderService.csproj", "{22CB7788-0A56-499D-8ACC-CF299A45A03B}"
EndProject
Project("{FAE04EC0-301F-11D3-BF4B-00C04F79EFBC}") = "EmailService", "EmailService\EmailService.csproj", "{F8286BC2-ED73-4F85-8E21-DFEBEEC18FE3}"
EndProject
Global
	GlobalSection(SolutionConfigurationPlatforms) = preSolution
		Debug|Any CPU = Debug|Any CPU
		Release|Any CPU = Release|Any CPU
	EndGlobalSection
	GlobalSection(ProjectConfigurationPlatforms) = postSolution
		{22CB7788-0A56-499D-8ACC-CF299A45A03B}.Debug|Any CPU.ActiveCfg = Debug|Any CPU
		{22CB7788-0A56-499D-8ACC-CF299A45A03B}.Debug|Any CPU.Build.0 = Debug|Any CPU
		{22CB7788-0A56-499D-8ACC-CF299A45A03B}.Release|Any CPU.ActiveCfg = Release|Any CPU
		{22CB7788-0A56-499D-8ACC-CF299A45A03B}.Release|Any CPU.Build.0 = Release|Any CPU
		{F8286BC2-ED73-4F85-8E21-DFEBEEC18FE3}.Debug|Any CPU.ActiveCfg = Debug|Any CPU
		{F8286BC2-ED73-4F85-8E21-DFEBEEC18FE3}.Debug|Any CPU.Build.0 = Debug|Any CPU
		{F8286BC2-ED73-4F85-8E21-DFEBEEC18FE3}.Release|Any CPU.ActiveCfg = Release|Any CPU
		{F8286BC2-ED73-4F85-8E21-DFEBEEC18FE3}.Release|Any CPU.Build.0 = Release|Any CPU
	EndGlobalSection
EndGlobal
